
Microsoft Visual Studio Solution File, Format Version 12.00
# Visual Studio 2012
Project("{FAE04EC0-301F-11D3-BF4B-00C04F79EFBC}") = "ConsoleRunner", "ConsoleRunner\ConsoleRunner.csproj", "{ED472C38-2A8C-449A-AB84-E0F982AAA3F1}"
EndProject
Project("{FAE04EC0-301F-11D3-BF4B-00C04F79EFBC}") = "Domain", "Domain\Domain.csproj", "{164A4336-C519-48F1-BA2A-AC893561E7D6}"
EndProject
Project("{FAE04EC0-301F-11D3-BF4B-00C04F79EFBC}") = "Persistence", "Persistence\Persistence.csproj", "{CA5079E9-EA1B-4BF1-994C-4AC31E1138B2}"
EndProject
Global
	GlobalSection(SolutionConfigurationPlatforms) = preSolution
		Debug|Any CPU = Debug|Any CPU
		Release|Any CPU = Release|Any CPU
	EndGlobalSection
	GlobalSection(ProjectConfigurationPlatforms) = postSolution
		{ED472C38-2A8C-449A-AB84-E0F982AAA3F1}.Debug|Any CPU.ActiveCfg = Debug|Any CPU
		{ED472C38-2A8C-449A-AB84-E0F982AAA3F1}.Debug|Any CPU.Build.0 = Debug|Any CPU
		{ED472C38-2A8C-449A-AB84-E0F982AAA3F1}.Release|Any CPU.ActiveCfg = Release|Any CPU
		{ED472C38-2A8C-449A-AB84-E0F982AAA3F1}.Release|Any CPU.Build.0 = Release|Any CPU
		{164A4336-C519-48F1-BA2A-AC893561E7D6}.Debug|Any CPU.ActiveCfg = Debug|Any CPU
		{164A4336-C519-48F1-BA2A-AC893561E7D6}.Debug|Any CPU.Build.0 = Debug|Any CPU
		{164A4336-C519-48F1-BA2A-AC893561E7D6}.Release|Any CPU.ActiveCfg = Release|Any CPU
		{164A4336-C519-48F1-BA2A-AC893561E7D6}.Release|Any CPU.Build.0 = Release|Any CPU
		{CA5079E9-EA1B-4BF1-994C-4AC31E1138B2}.Debug|Any CPU.ActiveCfg = Debug|Any CPU
		{CA5079E9-EA1B-4BF1-994C-4AC31E1138B2}.Debug|Any CPU.Build.0 = Debug|Any CPU
		{CA5079E9-EA1B-4BF1-994C-4AC31E1138B2}.Release|Any CPU.ActiveCfg = Release|Any CPU
		{CA5079E9-EA1B-4BF1-994C-4AC31E1138B2}.Release|Any CPU.Build.0 = Release|Any CPU
	EndGlobalSection
	GlobalSection(SolutionProperties) = preSolution
		HideSolutionNode = FALSE
	EndGlobalSection
EndGlobal
